
Microsoft Visual Studio Solution File, Format Version 12.00
# Visual Studio 14
VisualStudioVersion = 14.0.24720.0
MinimumVisualStudioVersion = 10.0.40219.1
Project("{2150E333-8FDC-42A3-9474-1A3956D46DE8}") = "Application Tier(DataAccessLayer)", "Application Tier(DataAccessLayer)", "{13A25A31-0CDA-4CBF-B382-640BB09DE64F}"
EndProject
Project("{2150E333-8FDC-42A3-9474-1A3956D46DE8}") = "Framework(Field.Framework)", "Framework(Field.Framework)", "{DBA1AD56-F918-4E15-8A9D-BDC673FEB00C}"
EndProject
Project("{FAE04EC0-301F-11D3-BF4B-00C04F79EFBC}") = "Web.TwelveSky", "Web.TwelveSky\Web.TwelveSky.csproj", "{55CF9EF1-AE3E-4C57-8418-363F2EC84AB1}"
EndProject
Project("{FAE04EC0-301F-11D3-BF4B-00C04F79EFBC}") = "Field.Framework", "Field.Framework\Field.Framework\Field.Framework.csproj", "{9F010F3B-E7CA-4099-8409-8CF68E6964D5}"
EndProject
Project("{FAE04EC0-301F-11D3-BF4B-00C04F79EFBC}") = "Field.Framework.Base", "Field.Framework\Field.Framework.Base\Field.Framework.Base.csproj", "{E5E147D3-6478-4AE9-AF81-883C95051DB4}"
EndProject
Project("{FAE04EC0-301F-11D3-BF4B-00C04F79EFBC}") = "Field.Framework.Data", "Field.Framework\Field.Framework.Data\Field.Framework.Data.csproj", "{0EEB9C0D-2C16-41F2-B04E-6D117BCA966E}"
EndProject
Project("{FAE04EC0-301F-11D3-BF4B-00C04F79EFBC}") = "Field.Framework.Logging", "Field.Framework\Field.Framework.Logging\Field.Framework.Logging.csproj", "{25532304-473C-4D9A-B5FF-69342478A472}"
EndProject
Project("{FAE04EC0-301F-11D3-BF4B-00C04F79EFBC}") = "Field.Framework.Security", "Field.Framework\Field.Framework.Security\Field.Framework.Security.csproj", "{8007C9DC-F5D7-4367-B89C-10A7E7CEC693}"
EndProject
Project("{FAE04EC0-301F-11D3-BF4B-00C04F79EFBC}") = "Field.Framework.Web", "Field.Framework\Field.Framework.Web\Field.Framework.Web.csproj", "{746EB5D3-ED61-45EE-B1C1-7B2F44AF641E}"
EndProject
Project("{FAE04EC0-301F-11D3-BF4B-00C04F79EFBC}") = "SiteManagerAppTier", "DataAccessLayer\SiteManagerAppTier\SiteManagerAppTier.csproj", "{14B28AC8-E670-4ABE-9409-7B06DF93005C}"
EndProject
Project("{FAE04EC0-301F-11D3-BF4B-00C04F79EFBC}") = "DTO", "DTO\DTO.csproj", "{414D95EB-3147-4E15-9547-497D10512358}"
EndProject
Project("{FAE04EC0-301F-11D3-BF4B-00C04F79EFBC}") = "AuthorityAppTier", "DataAccessLayer\AuthorityAppTier\AuthorityAppTier.csproj", "{1E10407D-35D6-4AF1-B5B1-BF40C68A6E07}"
EndProject
Project("{FAE04EC0-301F-11D3-BF4B-00C04F79EFBC}") = "TwelveWebAppTier", "DataAccessLayer\TwelveWebAppTier\TwelveWebAppTier.csproj", "{A967DBC5-BA81-4AD5-93CD-F9B507F85D00}"
EndProject
Project("{FAE04EC0-301F-11D3-BF4B-00C04F79EFBC}") = "Web.Comm", "Web.Comm\Web.Comm.csproj", "{DCE699EE-3E3D-46D7-9793-761C037F1AC0}"
EndProject
Project("{FAE04EC0-301F-11D3-BF4B-00C04F79EFBC}") = "Web.Manage", "Web.Manage\Web.Manage.csproj", "{5E5A9E53-6D28-40BB-ACA0-9F71FF22B316}"
EndProject
Global
	GlobalSection(SolutionConfigurationPlatforms) = preSolution
		Beta_China|Any CPU = Beta_China|Any CPU
		Beta_Global|Any CPU = Beta_Global|Any CPU
		Beta_Korea|Any CPU = Beta_Korea|Any CPU
		Debug|Any CPU = Debug|Any CPU
		Live_Korea|Any CPU = Live_Korea|Any CPU
		Release|Any CPU = Release|Any CPU
	EndGlobalSection
	GlobalSection(ProjectConfigurationPlatforms) = postSolution
		{55CF9EF1-AE3E-4C57-8418-363F2EC84AB1}.Beta_China|Any CPU.ActiveCfg = Release|Any CPU
		{55CF9EF1-AE3E-4C57-8418-363F2EC84AB1}.Beta_China|Any CPU.Build.0 = Release|Any CPU
		{55CF9EF1-AE3E-4C57-8418-363F2EC84AB1}.Beta_Global|Any CPU.ActiveCfg = Release|Any CPU
		{55CF9EF1-AE3E-4C57-8418-363F2EC84AB1}.Beta_Global|Any CPU.Build.0 = Release|Any CPU
		{55CF9EF1-AE3E-4C57-8418-363F2EC84AB1}.Beta_Korea|Any CPU.ActiveCfg = Release|Any CPU
		{55CF9EF1-AE3E-4C57-8418-363F2EC84AB1}.Beta_Korea|Any CPU.Build.0 = Release|Any CPU
		{55CF9EF1-AE3E-4C57-8418-363F2EC84AB1}.Debug|Any CPU.ActiveCfg = Debug|Any CPU
		{55CF9EF1-AE3E-4C57-8418-363F2EC84AB1}.Debug|Any CPU.Build.0 = Debug|Any CPU
		{55CF9EF1-AE3E-4C57-8418-363F2EC84AB1}.Live_Korea|Any CPU.ActiveCfg = Release|Any CPU
		{55CF9EF1-AE3E-4C57-8418-363F2EC84AB1}.Live_Korea|Any CPU.Build.0 = Release|Any CPU
		{55CF9EF1-AE3E-4C57-8418-363F2EC84AB1}.Release|Any CPU.ActiveCfg = Release|Any CPU
		{55CF9EF1-AE3E-4C57-8418-363F2EC84AB1}.Release|Any CPU.Build.0 = Release|Any CPU
		{9F010F3B-E7CA-4099-8409-8CF68E6964D5}.Beta_China|Any CPU.ActiveCfg = Release|Any CPU
		{9F010F3B-E7CA-4099-8409-8CF68E6964D5}.Beta_China|Any CPU.Build.0 = Release|Any CPU
		{9F010F3B-E7CA-4099-8409-8CF68E6964D5}.Beta_Global|Any CPU.ActiveCfg = Release|Any CPU
		{9F010F3B-E7CA-4099-8409-8CF68E6964D5}.Beta_Global|Any CPU.Build.0 = Release|Any CPU
		{9F010F3B-E7CA-4099-8409-8CF68E6964D5}.Beta_Korea|Any CPU.ActiveCfg = Release|Any CPU
		{9F010F3B-E7CA-4099-8409-8CF68E6964D5}.Beta_Korea|Any CPU.Build.0 = Release|Any CPU
		{9F010F3B-E7CA-4099-8409-8CF68E6964D5}.Debug|Any CPU.ActiveCfg = Debug|Any CPU
		{9F010F3B-E7CA-4099-8409-8CF68E6964D5}.Debug|Any CPU.Build.0 = Debug|Any CPU
		{9F010F3B-E7CA-4099-8409-8CF68E6964D5}.Live_Korea|Any CPU.ActiveCfg = Release|Any CPU
		{9F010F3B-E7CA-4099-8409-8CF68E6964D5}.Live_Korea|Any CPU.Build.0 = Release|Any CPU
		{9F010F3B-E7CA-4099-8409-8CF68E6964D5}.Release|Any CPU.ActiveCfg = Release|Any CPU
		{9F010F3B-E7CA-4099-8409-8CF68E6964D5}.Release|Any CPU.Build.0 = Release|Any CPU
		{E5E147D3-6478-4AE9-AF81-883C95051DB4}.Beta_China|Any CPU.ActiveCfg = Release|Any CPU
		{E5E147D3-6478-4AE9-AF81-883C95051DB4}.Beta_China|Any CPU.Build.0 = Release|Any CPU
		{E5E147D3-6478-4AE9-AF81-883C95051DB4}.Beta_Global|Any CPU.ActiveCfg = Release|Any CPU
		{E5E147D3-6478-4AE9-AF81-883C95051DB4}.Beta_Global|Any CPU.Build.0 = Release|Any CPU
		{E5E147D3-6478-4AE9-AF81-883C95051DB4}.Beta_Korea|Any CPU.ActiveCfg = Release|Any CPU
		{E5E147D3-6478-4AE9-AF81-883C95051DB4}.Beta_Korea|Any CPU.Build.0 = Release|Any CPU
		{E5E147D3-6478-4AE9-AF81-883C95051DB4}.Debug|Any CPU.ActiveCfg = Debug|Any CPU
		{E5E147D3-6478-4AE9-AF81-883C95051DB4}.Debug|Any CPU.Build.0 = Debug|Any CPU
		{E5E147D3-6478-4AE9-AF81-883C95051DB4}.Live_Korea|Any CPU.ActiveCfg = Release|Any CPU
		{E5E147D3-6478-4AE9-AF81-883C95051DB4}.Live_Korea|Any CPU.Build.0 = Release|Any CPU
		{E5E147D3-6478-4AE9-AF81-883C95051DB4}.Release|Any CPU.ActiveCfg = Release|Any CPU
		{E5E147D3-6478-4AE9-AF81-883C95051DB4}.Release|Any CPU.Build.0 = Release|Any CPU
		{0EEB9C0D-2C16-41F2-B04E-6D117BCA966E}.Beta_China|Any CPU.ActiveCfg = Release|Any CPU
		{0EEB9C0D-2C16-41F2-B04E-6D117BCA966E}.Beta_China|Any CPU.Build.0 = Release|Any CPU
		{0EEB9C0D-2C16-41F2-B04E-6D117BCA966E}.Beta_Global|Any CPU.ActiveCfg = Release|Any CPU
		{0EEB9C0D-2C16-41F2-B04E-6D117BCA966E}.Beta_Global|Any CPU.Build.0 = Release|Any CPU
		{0EEB9C0D-2C16-41F2-B04E-6D117BCA966E}.Beta_Korea|Any CPU.ActiveCfg = Release|Any CPU
		{0EEB9C0D-2C16-41F2-B04E-6D117BCA966E}.Beta_Korea|Any CPU.Build.0 = Release|Any CPU
		{0EEB9C0D-2C16-41F2-B04E-6D117BCA966E}.Debug|Any CPU.ActiveCfg = Debug|Any CPU
		{0EEB9C0D-2C16-41F2-B04E-6D117BCA966E}.Debug|Any CPU.Build.0 = Debug|Any CPU
		{0EEB9C0D-2C16-41F2-B04E-6D117BCA966E}.Live_Korea|Any CPU.ActiveCfg = Release|Any CPU
		{0EEB9C0D-2C16-41F2-B04E-6D117BCA966E}.Live_Korea|Any CPU.Build.0 = Release|Any CPU
		{0EEB9C0D-2C16-41F2-B04E-6D117BCA966E}.Release|Any CPU.ActiveCfg = Release|Any CPU
		{0EEB9C0D-2C16-41F2-B04E-6D117BCA966E}.Release|Any CPU.Build.0 = Release|Any CPU
		{25532304-473C-4D9A-B5FF-69342478A472}.Beta_China|Any CPU.ActiveCfg = Release|Any CPU
		{25532304-473C-4D9A-B5FF-69342478A472}.Beta_China|Any CPU.Build.0 = Release|Any CPU
		{25532304-473C-4D9A-B5FF-69342478A472}.Beta_Global|Any CPU.ActiveCfg = Release|Any CPU
		{25532304-473C-4D9A-B5FF-69342478A472}.Beta_Global|Any CPU.Build.0 = Release|Any CPU
		{25532304-473C-4D9A-B5FF-69342478A472}.Beta_Korea|Any CPU.ActiveCfg = Release|Any CPU
		{25532304-473C-4D9A-B5FF-69342478A472}.Beta_Korea|Any CPU.Build.0 = Release|Any CPU
		{25532304-473C-4D9A-B5FF-69342478A472}.Debug|Any CPU.ActiveCfg = Debug|Any CPU
		{25532304-473C-4D9A-B5FF-69342478A472}.Debug|Any CPU.Build.0 = Debug|Any CPU
		{25532304-473C-4D9A-B5FF-69342478A472}.Live_Korea|Any CPU.ActiveCfg = Release|Any CPU
		{25532304-473C-4D9A-B5FF-69342478A472}.Live_Korea|Any CPU.Build.0 = Release|Any CPU
		{25532304-473C-4D9A-B5FF-69342478A472}.Release|Any CPU.ActiveCfg = Release|Any CPU
		{25532304-473C-4D9A-B5FF-69342478A472}.Release|Any CPU.Build.0 = Release|Any CPU
		{8007C9DC-F5D7-4367-B89C-10A7E7CEC693}.Beta_China|Any CPU.ActiveCfg = Release|Any CPU
		{8007C9DC-F5D7-4367-B89C-10A7E7CEC693}.Beta_China|Any CPU.Build.0 = Release|Any CPU
		{8007C9DC-F5D7-4367-B89C-10A7E7CEC693}.Beta_Global|Any CPU.ActiveCfg = Release|Any CPU
		{8007C9DC-F5D7-4367-B89C-10A7E7CEC693}.Beta_Global|Any CPU.Build.0 = Release|Any CPU
		{8007C9DC-F5D7-4367-B89C-10A7E7CEC693}.Beta_Korea|Any CPU.ActiveCfg = Release|Any CPU
		{8007C9DC-F5D7-4367-B89C-10A7E7CEC693}.Beta_Korea|Any CPU.Build.0 = Release|Any CPU
		{8007C9DC-F5D7-4367-B89C-10A7E7CEC693}.Debug|Any CPU.ActiveCfg = Debug|Any CPU
		{8007C9DC-F5D7-4367-B89C-10A7E7CEC693}.Debug|Any CPU.Build.0 = Debug|Any CPU
		{8007C9DC-F5D7-4367-B89C-10A7E7CEC693}.Live_Korea|Any CPU.ActiveCfg = Release|Any CPU
		{8007C9DC-F5D7-4367-B89C-10A7E7CEC693}.Live_Korea|Any CPU.Build.0 = Release|Any CPU
		{8007C9DC-F5D7-4367-B89C-10A7E7CEC693}.Release|Any CPU.ActiveCfg = Release|Any CPU
		{8007C9DC-F5D7-4367-B89C-10A7E7CEC693}.Release|Any CPU.Build.0 = Release|Any CPU
		{746EB5D3-ED61-45EE-B1C1-7B2F44AF641E}.Beta_China|Any CPU.ActiveCfg = Release|Any CPU
		{746EB5D3-ED61-45EE-B1C1-7B2F44AF641E}.Beta_China|Any CPU.Build.0 = Release|Any CPU
		{746EB5D3-ED61-45EE-B1C1-7B2F44AF641E}.Beta_Global|Any CPU.ActiveCfg = Release|Any CPU
		{746EB5D3-ED61-45EE-B1C1-7B2F44AF641E}.Beta_Global|Any CPU.Build.0 = Release|Any CPU
		{746EB5D3-ED61-45EE-B1C1-7B2F44AF641E}.Beta_Korea|Any CPU.ActiveCfg = Release|Any CPU
		{746EB5D3-ED61-45EE-B1C1-7B2F44AF641E}.Beta_Korea|Any CPU.Build.0 = Release|Any CPU
		{746EB5D3-ED61-45EE-B1C1-7B2F44AF641E}.Debug|Any CPU.ActiveCfg = Debug|Any CPU
		{746EB5D3-ED61-45EE-B1C1-7B2F44AF641E}.Debug|Any CPU.Build.0 = Debug|Any CPU
		{746EB5D3-ED61-45EE-B1C1-7B2F44AF641E}.Live_Korea|Any CPU.ActiveCfg = Release|Any CPU
		{746EB5D3-ED61-45EE-B1C1-7B2F44AF641E}.Live_Korea|Any CPU.Build.0 = Release|Any CPU
		{746EB5D3-ED61-45EE-B1C1-7B2F44AF641E}.Release|Any CPU.ActiveCfg = Release|Any CPU
		{746EB5D3-ED61-45EE-B1C1-7B2F44AF641E}.Release|Any CPU.Build.0 = Release|Any CPU
		{14B28AC8-E670-4ABE-9409-7B06DF93005C}.Beta_China|Any CPU.ActiveCfg = Release|Any CPU
		{14B28AC8-E670-4ABE-9409-7B06DF93005C}.Beta_China|Any CPU.Build.0 = Release|Any CPU
		{14B28AC8-E670-4ABE-9409-7B06DF93005C}.Beta_Global|Any CPU.ActiveCfg = Release|Any CPU
		{14B28AC8-E670-4ABE-9409-7B06DF93005C}.Beta_Global|Any CPU.Build.0 = Release|Any CPU
		{14B28AC8-E670-4ABE-9409-7B06DF93005C}.Beta_Korea|Any CPU.ActiveCfg = Release|Any CPU
		{14B28AC8-E670-4ABE-9409-7B06DF93005C}.Beta_Korea|Any CPU.Build.0 = Release|Any CPU
		{14B28AC8-E670-4ABE-9409-7B06DF93005C}.Debug|Any CPU.ActiveCfg = Debug|Any CPU
		{14B28AC8-E670-4ABE-9409-7B06DF93005C}.Debug|Any CPU.Build.0 = Debug|Any CPU
		{14B28AC8-E670-4ABE-9409-7B06DF93005C}.Live_Korea|Any CPU.ActiveCfg = Release|Any CPU
		{14B28AC8-E670-4ABE-9409-7B06DF93005C}.Live_Korea|Any CPU.Build.0 = Release|Any CPU
		{14B28AC8-E670-4ABE-9409-7B06DF93005C}.Release|Any CPU.ActiveCfg = Release|Any CPU
		{14B28AC8-E670-4ABE-9409-7B06DF93005C}.Release|Any CPU.Build.0 = Release|Any CPU
		{414D95EB-3147-4E15-9547-497D10512358}.Beta_China|Any CPU.ActiveCfg = Beta_China|Any CPU
		{414D95EB-3147-4E15-9547-497D10512358}.Beta_China|Any CPU.Build.0 = Beta_China|Any CPU
		{414D95EB-3147-4E15-9547-497D10512358}.Beta_Global|Any CPU.ActiveCfg = Beta_Global|Any CPU
		{414D95EB-3147-4E15-9547-497D10512358}.Beta_Global|Any CPU.Build.0 = Beta_Global|Any CPU
		{414D95EB-3147-4E15-9547-497D10512358}.Beta_Korea|Any CPU.ActiveCfg = Beta_Korea|Any CPU
		{414D95EB-3147-4E15-9547-497D10512358}.Beta_Korea|Any CPU.Build.0 = Beta_Korea|Any CPU
		{414D95EB-3147-4E15-9547-497D10512358}.Debug|Any CPU.ActiveCfg = Debug|Any CPU
		{414D95EB-3147-4E15-9547-497D10512358}.Debug|Any CPU.Build.0 = Debug|Any CPU
		{414D95EB-3147-4E15-9547-497D10512358}.Live_Korea|Any CPU.ActiveCfg = Live_Korea|Any CPU
		{414D95EB-3147-4E15-9547-497D10512358}.Live_Korea|Any CPU.Build.0 = Live_Korea|Any CPU
		{414D95EB-3147-4E15-9547-497D10512358}.Release|Any CPU.ActiveCfg = Release|Any CPU
		{414D95EB-3147-4E15-9547-497D10512358}.Release|Any CPU.Build.0 = Release|Any CPU
		{1E10407D-35D6-4AF1-B5B1-BF40C68A6E07}.Beta_China|Any CPU.ActiveCfg = Release|Any CPU
		{1E10407D-35D6-4AF1-B5B1-BF40C68A6E07}.Beta_China|Any CPU.Build.0 = Release|Any CPU
		{1E10407D-35D6-4AF1-B5B1-BF40C68A6E07}.Beta_Global|Any CPU.ActiveCfg = Release|Any CPU
		{1E10407D-35D6-4AF1-B5B1-BF40C68A6E07}.Beta_Global|Any CPU.Build.0 = Release|Any CPU
		{1E10407D-35D6-4AF1-B5B1-BF40C68A6E07}.Beta_Korea|Any CPU.ActiveCfg = Release|Any CPU
		{1E10407D-35D6-4AF1-B5B1-BF40C68A6E07}.Beta_Korea|Any CPU.Build.0 = Release|Any CPU
		{1E10407D-35D6-4AF1-B5B1-BF40C68A6E07}.Debug|Any CPU.ActiveCfg = Debug|Any CPU
		{1E10407D-35D6-4AF1-B5B1-BF40C68A6E07}.Debug|Any CPU.Build.0 = Debug|Any CPU
		{1E10407D-35D6-4AF1-B5B1-BF40C68A6E07}.Live_Korea|Any CPU.ActiveCfg = Release|Any CPU
		{1E10407D-35D6-4AF1-B5B1-BF40C68A6E07}.Live_Korea|Any CPU.Build.0 = Release|Any CPU
		{1E10407D-35D6-4AF1-B5B1-BF40C68A6E07}.Release|Any CPU.ActiveCfg = Release|Any CPU
		{1E10407D-35D6-4AF1-B5B1-BF40C68A6E07}.Release|Any CPU.Build.0 = Release|Any CPU
		{A967DBC5-BA81-4AD5-93CD-F9B507F85D00}.Beta_China|Any CPU.ActiveCfg = Release|Any CPU
		{A967DBC5-BA81-4AD5-93CD-F9B507F85D00}.Beta_China|Any CPU.Build.0 = Release|Any CPU
		{A967DBC5-BA81-4AD5-93CD-F9B507F85D00}.Beta_Global|Any CPU.ActiveCfg = Release|Any CPU
		{A967DBC5-BA81-4AD5-93CD-F9B507F85D00}.Beta_Global|Any CPU.Build.0 = Release|Any CPU
		{A967DBC5-BA81-4AD5-93CD-F9B507F85D00}.Beta_Korea|Any CPU.ActiveCfg = Release|Any CPU
		{A967DBC5-BA81-4AD5-93CD-F9B507F85D00}.Beta_Korea|Any CPU.Build.0 = Release|Any CPU
		{A967DBC5-BA81-4AD5-93CD-F9B507F85D00}.Debug|Any CPU.ActiveCfg = Debug|Any CPU
		{A967DBC5-BA81-4AD5-93CD-F9B507F85D00}.Debug|Any CPU.Build.0 = Debug|Any CPU
		{A967DBC5-BA81-4AD5-93CD-F9B507F85D00}.Live_Korea|Any CPU.ActiveCfg = Release|Any CPU
		{A967DBC5-BA81-4AD5-93CD-F9B507F85D00}.Live_Korea|Any CPU.Build.0 = Release|Any CPU
		{A967DBC5-BA81-4AD5-93CD-F9B507F85D00}.Release|Any CPU.ActiveCfg = Release|Any CPU
		{A967DBC5-BA81-4AD5-93CD-F9B507F85D00}.Release|Any CPU.Build.0 = Release|Any CPU
		{DCE699EE-3E3D-46D7-9793-761C037F1AC0}.Beta_China|Any CPU.ActiveCfg = Release|Any CPU
		{DCE699EE-3E3D-46D7-9793-761C037F1AC0}.Beta_China|Any CPU.Build.0 = Release|Any CPU
		{DCE699EE-3E3D-46D7-9793-761C037F1AC0}.Beta_Global|Any CPU.ActiveCfg = Release|Any CPU
		{DCE699EE-3E3D-46D7-9793-761C037F1AC0}.Beta_Global|Any CPU.Build.0 = Release|Any CPU
		{DCE699EE-3E3D-46D7-9793-761C037F1AC0}.Beta_Korea|Any CPU.ActiveCfg = Release|Any CPU
		{DCE699EE-3E3D-46D7-9793-761C037F1AC0}.Beta_Korea|Any CPU.Build.0 = Release|Any CPU
		{DCE699EE-3E3D-46D7-9793-761C037F1AC0}.Debug|Any CPU.ActiveCfg = Debug|Any CPU
		{DCE699EE-3E3D-46D7-9793-761C037F1AC0}.Debug|Any CPU.Build.0 = Debug|Any CPU
		{DCE699EE-3E3D-46D7-9793-761C037F1AC0}.Live_Korea|Any CPU.ActiveCfg = Release|Any CPU
		{DCE699EE-3E3D-46D7-9793-761C037F1AC0}.Live_Korea|Any CPU.Build.0 = Release|Any CPU
		{DCE699EE-3E3D-46D7-9793-761C037F1AC0}.Release|Any CPU.ActiveCfg = Release|Any CPU
		{DCE699EE-3E3D-46D7-9793-761C037F1AC0}.Release|Any CPU.Build.0 = Release|Any CPU
		{5E5A9E53-6D28-40BB-ACA0-9F71FF22B316}.Beta_China|Any CPU.ActiveCfg = Release|Any CPU
		{5E5A9E53-6D28-40BB-ACA0-9F71FF22B316}.Beta_China|Any CPU.Build.0 = Release|Any CPU
		{5E5A9E53-6D28-40BB-ACA0-9F71FF22B316}.Beta_Global|Any CPU.ActiveCfg = Release|Any CPU
		{5E5A9E53-6D28-40BB-ACA0-9F71FF22B316}.Beta_Global|Any CPU.Build.0 = Release|Any CPU
		{5E5A9E53-6D28-40BB-ACA0-9F71FF22B316}.Beta_Korea|Any CPU.ActiveCfg = Release|Any CPU
		{5E5A9E53-6D28-40BB-ACA0-9F71FF22B316}.Beta_Korea|Any CPU.Build.0 = Release|Any CPU
		{5E5A9E53-6D28-40BB-ACA0-9F71FF22B316}.Debug|Any CPU.ActiveCfg = Debug|Any CPU
		{5E5A9E53-6D28-40BB-ACA0-9F71FF22B316}.Debug|Any CPU.Build.0 = Debug|Any CPU
		{5E5A9E53-6D28-40BB-ACA0-9F71FF22B316}.Live_Korea|Any CPU.ActiveCfg = Release|Any CPU
		{5E5A9E53-6D28-40BB-ACA0-9F71FF22B316}.Live_Korea|Any CPU.Build.0 = Release|Any CPU
		{5E5A9E53-6D28-40BB-ACA0-9F71FF22B316}.Release|Any CPU.ActiveCfg = Release|Any CPU
		{5E5A9E53-6D28-40BB-ACA0-9F71FF22B316}.Release|Any CPU.Build.0 = Release|Any CPU
	EndGlobalSection
	GlobalSection(SolutionProperties) = preSolution
		HideSolutionNode = FALSE
	EndGlobalSection
	GlobalSection(NestedProjects) = preSolution
		{9F010F3B-E7CA-4099-8409-8CF68E6964D5} = {DBA1AD56-F918-4E15-8A9D-BDC673FEB00C}
		{E5E147D3-6478-4AE9-AF81-883C95051DB4} = {DBA1AD56-F918-4E15-8A9D-BDC673FEB00C}
		{0EEB9C0D-2C16-41F2-B04E-6D117BCA966E} = {DBA1AD56-F918-4E15-8A9D-BDC673FEB00C}
		{25532304-473C-4D9A-B5FF-69342478A472} = {DBA1AD56-F918-4E15-8A9D-BDC673FEB00C}
		{8007C9DC-F5D7-4367-B89C-10A7E7CEC693} = {DBA1AD56-F918-4E15-8A9D-BDC673FEB00C}
		{746EB5D3-ED61-45EE-B1C1-7B2F44AF641E} = {DBA1AD56-F918-4E15-8A9D-BDC673FEB00C}
		{14B28AC8-E670-4ABE-9409-7B06DF93005C} = {13A25A31-0CDA-4CBF-B382-640BB09DE64F}
		{1E10407D-35D6-4AF1-B5B1-BF40C68A6E07} = {13A25A31-0CDA-4CBF-B382-640BB09DE64F}
		{A967DBC5-BA81-4AD5-93CD-F9B507F85D00} = {13A25A31-0CDA-4CBF-B382-640BB09DE64F}
	EndGlobalSection
EndGlobal
